
Microsoft Visual Studio Solution File, Format Version 11.00
# Visual Studio 2010
Project("{FAE04EC0-301F-11D3-BF4B-00C04F79EFBC}") = "mj_client", "Assembly-CSharp.csproj", "{9D8FAA74-7648-CC18-AF35-8CB57FD3F0CD}"
EndProject
Global
	GlobalSection(SolutionConfigurationPlatforms) = preSolution
		Debug|Any CPU = Debug|Any CPU
		Release|Any CPU = Release|Any CPU
	EndGlobalSection
	GlobalSection(ProjectConfigurationPlatforms) = postSolution
		{9D8FAA74-7648-CC18-AF35-8CB57FD3F0CD}.Debug|Any CPU.ActiveCfg = Debug|Any CPU
		{9D8FAA74-7648-CC18-AF35-8CB57FD3F0CD}.Debug|Any CPU.Build.0 = Debug|Any CPU
		{9D8FAA74-7648-CC18-AF35-8CB57FD3F0CD}.Release|Any CPU.ActiveCfg = Release|Any CPU
		{9D8FAA74-7648-CC18-AF35-8CB57FD3F0CD}.Release|Any CPU.Build.0 = Release|Any CPU
	EndGlobalSection
	GlobalSection(SolutionProperties) = preSolution
		HideSolutionNode = FALSE
	EndGlobalSection
	GlobalSection(MonoDevelopProperties) = preSolution
		StartupItem = Assembly-CSharp.csproj
	EndGlobalSection
EndGlobal
